
Microsoft Visual Studio Solution File, Format Version 12.00
# Visual Studio Version 17
VisualStudioVersion = 17.4.33103.184
MinimumVisualStudioVersion = 10.0.40219.1
Project("{FAE04EC0-301F-11D3-BF4B-00C04F79EFBC}") = "1_Elementare_Syntax", "1_Elementare_Syntax\1_Elementare_Syntax.csproj", "{3BFFAA18-DC83-48F5-BB8F-8503FB065F98}"
EndProject
Project("{FAE04EC0-301F-11D3-BF4B-00C04F79EFBC}") = "2_Konsolenausgabe", "2_Konsolenausgabe\2_Konsolenausgabe.csproj", "{5CCDD1A8-B501-4288-A687-7D61727B590C}"
EndProject
Global
	GlobalSection(SolutionConfigurationPlatforms) = preSolution
		Debug|Any CPU = Debug|Any CPU
		Release|Any CPU = Release|Any CPU
	EndGlobalSection
	GlobalSection(ProjectConfigurationPlatforms) = postSolution
		{3BFFAA18-DC83-48F5-BB8F-8503FB065F98}.Debug|Any CPU.ActiveCfg = Debug|Any CPU
		{3BFFAA18-DC83-48F5-BB8F-8503FB065F98}.Debug|Any CPU.Build.0 = Debug|Any CPU
		{3BFFAA18-DC83-48F5-BB8F-8503FB065F98}.Release|Any CPU.ActiveCfg = Release|Any CPU
		{3BFFAA18-DC83-48F5-BB8F-8503FB065F98}.Release|Any CPU.Build.0 = Release|Any CPU
		{5CCDD1A8-B501-4288-A687-7D61727B590C}.Debug|Any CPU.ActiveCfg = Debug|Any CPU
		{5CCDD1A8-B501-4288-A687-7D61727B590C}.Debug|Any CPU.Build.0 = Debug|Any CPU
		{5CCDD1A8-B501-4288-A687-7D61727B590C}.Release|Any CPU.ActiveCfg = Release|Any CPU
		{5CCDD1A8-B501-4288-A687-7D61727B590C}.Release|Any CPU.Build.0 = Release|Any CPU
	EndGlobalSection
	GlobalSection(SolutionProperties) = preSolution
		HideSolutionNode = FALSE
	EndGlobalSection
	GlobalSection(ExtensibilityGlobals) = postSolution
		SolutionGuid = {4F4FBE14-A0D3-4BB6-B91A-ABD7C1396C70}
	EndGlobalSection
EndGlobal
